# Code generated by scarb DO NOT EDIT.
version = 1

[[package]]
name = "access_control"
version = "0.4.0"
source = "registry+https://scarbs.xyz/"
checksum = "sha256:6049cdb13bc3a2b45e714558da6f49745b61e70e29b81f932b2e532bf72a102d"

[[package]]
name = "ekubo"
version = "0.1.0"
source = "git+https://github.com/EkuboProtocol/abis#edb6de8c9baf515f1053bbab3d86825d54a63bc3"

[[package]]
name = "opus"
version = "1.0.3"
source = "registry+https://scarbs.xyz/"
checksum = "sha256:f8f67a67633e535a9b16ddfd983c64b44e2b61bf57fe51228521e0c686e06abc"
dependencies = [
 "wadray",
]

[[package]]
name = "opus_compose"
version = "0.1.0"
dependencies = [
 "access_control",
 "ekubo",
 "opus",
 "snforge_std",
 "wadray",
]

[[package]]
name = "snforge_scarb_plugin"
version = "0.35.0"
source = "registry+https://scarbs.xyz/"
checksum = "sha256:20bd6a488fda7201ce2a5fd680d8e715b10e3545147b276747ad079c96c3d5d2"

[[package]]
name = "snforge_std"
version = "0.35.0"
source = "registry+https://scarbs.xyz/"
checksum = "sha256:fe4e1b1526c815441183baed7f93e73bc76a6393d23e1f9c34fbe227bfaedfd6"
dependencies = [
 "snforge_scarb_plugin",
]

[[package]]
name = "wadray"
version = "0.5.0"
source = "registry+https://scarbs.xyz/"
checksum = "sha256:efdcf25d14a3fdeed662a0f8de17b89a998166e3f884139197b4367337c2e8e2"
