# Code generated by scarb DO NOT EDIT.
version = 1

[[package]]
name = "access_control"
version = "0.5.0"
source = "registry+https://scarbs.xyz/"
checksum = "sha256:c0d72a9247e9833eee8ffaf32e85094c149ae479377e384a724a3505853a2b39"

[[package]]
name = "ekubo"
version = "0.1.0"
source = "git+https://github.com/EkuboProtocol/starknet-contracts?rev=cf2e95fd124bfb19491e1a7da9ffba4b63cc6c4e#cf2e95fd124bfb19491e1a7da9ffba4b63cc6c4e"

[[package]]
name = "opus"
version = "1.3.0"
source = "registry+https://scarbs.xyz/"
checksum = "sha256:cab109011aa0d5e1ca127663474a22e4a2292b33993128a9330b077fc4119ab5"
dependencies = [
 "wadray",
]

[[package]]
name = "opus_compose"
version = "1.0.0"
dependencies = [
 "access_control",
 "ekubo",
 "opus",
 "snforge_std",
 "wadray",
]

[[package]]
name = "snforge_scarb_plugin"
version = "0.55.0"
source = "registry+https://scarbs.xyz/"
checksum = "sha256:638535780a23d1491c2438e64045c479d16de6a69e41ad17ac065272c485873b"

[[package]]
name = "snforge_std"
version = "0.55.0"
source = "registry+https://scarbs.xyz/"
checksum = "sha256:a04b0bf731f02307506dad368713099e701565edd9b98b044ca54b932c29ef74"
dependencies = [
 "snforge_scarb_plugin",
]

[[package]]
name = "wadray"
version = "0.6.1"
source = "registry+https://scarbs.xyz/"
checksum = "sha256:09bd9792f7f91b3fdfabca48e77cc141c53ccdbbcb957c28ce222eac864a92d1"
