# Code generated by scarb DO NOT EDIT.
version = 1

[[package]]
name = "access_control"
version = "0.4.0"
source = "registry+https://scarbs.xyz/"
checksum = "sha256:6049cdb13bc3a2b45e714558da6f49745b61e70e29b81f932b2e532bf72a102d"

[[package]]
name = "ekubo"
version = "0.1.0"
source = "git+https://github.com/EkuboProtocol/abis#edb6de8c9baf515f1053bbab3d86825d54a63bc3"

[[package]]
name = "opus"
version = "1.0.0"
source = "git+https://github.com/lindy-labs/opus_interfaces.git?branch=feat%2Ffirst_commit#82707ffc50021fd606e7700c0aae7e731e143e72"
dependencies = [
 "wadray",
]

[[package]]
name = "opus_lever"
version = "0.1.0"
dependencies = [
 "access_control",
 "ekubo",
 "opus",
 "snforge_std",
 "wadray",
]

[[package]]
name = "snforge_scarb_plugin"
version = "0.33.0"
source = "registry+https://scarbs.xyz/"
checksum = "sha256:b4dd6088372decd367652827091e0589bbf6bc550dfc3957baa3e9c61d6eb449"

[[package]]
name = "snforge_std"
version = "0.33.0"
source = "registry+https://scarbs.xyz/"
checksum = "sha256:f7dc3349f8a6ef4915c93df447a00bd5a53a31129fd0990a00afa0ad31d91b06"
dependencies = [
 "snforge_scarb_plugin",
]

[[package]]
name = "wadray"
version = "0.5.0"
source = "registry+https://scarbs.xyz/"
checksum = "sha256:efdcf25d14a3fdeed662a0f8de17b89a998166e3f884139197b4367337c2e8e2"
