# Code generated by scarb DO NOT EDIT.
version = 1

[[package]]
name = "access_control"
version = "0.4.0"
source = "registry+https://scarbs.xyz/"
checksum = "sha256:6049cdb13bc3a2b45e714558da6f49745b61e70e29b81f932b2e532bf72a102d"

[[package]]
name = "deployment"
version = "0.1.0"
dependencies = [
 "opus_compose",
 "sncast_std",
]

[[package]]
name = "ekubo"
version = "0.1.0"
source = "git+https://github.com/EkuboProtocol/abis#edb6de8c9baf515f1053bbab3d86825d54a63bc3"

[[package]]
name = "opus"
version = "1.0.2"
source = "registry+https://scarbs.xyz/"
checksum = "sha256:61b1e2a8606bcf7c57e5ee9223ca0ad0b159380f101d5762e62d70b59302540a"
dependencies = [
 "wadray",
]

[[package]]
name = "opus_compose"
version = "0.1.0"
dependencies = [
 "access_control",
 "ekubo",
 "opus",
 "wadray",
]

[[package]]
name = "sncast_std"
version = "0.35.0"
source = "registry+https://scarbs.xyz/"
checksum = "sha256:ef20311486780ccaab89ae94252a55833ddc282debbde59bdbdf8e103f4fc8c8"

[[package]]
name = "wadray"
version = "0.5.0"
source = "registry+https://scarbs.xyz/"
checksum = "sha256:efdcf25d14a3fdeed662a0f8de17b89a998166e3f884139197b4367337c2e8e2"
